github.com/fogfish/curie v1.8.2 h1:+4CezyjZ5uszSXUZAV27gfKwv58w3lKTH0JbQwh3S9A=
github.com/fogfish/curie v1.8.2/go.mod h1:jPv7pg4hHd8Ug/USG29ZA2bAwlRfh/iinY90/30ATGg=
github.com/fogfish/faults v0.2.0 h1:3KHvZN3cgv2omAGw0MCVH/AbrqxfNag+TFGpgUp6m1w=
github.com/fogfish/faults v0.2.0/go.mod h1:PtvzLt9TP4IF/hRkwRp4dZub42oaMrLbxdS6vmSCJOs=
github.com/fogfish/guid/v2 v2.0.4 h1:EZiPlM4UAghqf7DU5/nLEF+iRH7ODe0AiFuYOMRvITQ=
github.com/fogfish/guid/v2 v2.0.4/go.mod h1:KkZ5T4EE3BqWQJFZBPLSHV/tBe23Xq4KvuPfwtNtepU=
github.com/fogfish/it v0.9.1 h1:Pu+qgqBV2ilZDzZzPIbUIhMIkdpHgbGUsdEwVQvBxNQ=
github.com/fogfish/it/v2 v2.0.1 h1:vu3kV2xzYDPHoMHMABxXeu5CoMcTfRc4gkWkzOUkRJY=
github.com/fogfish/skiplist v0.12.0 h1:miS6aLHHW6cYhwqTHZHYynRoa0vSzj1Z8TxoB3F5ODg=
github.com/fogfish/skiplist v0.12.0/go.mod h1:2tYv4iOiHbG2gNkTHIgPCHfMzbWS5Yi47YkRlUD46wM=
github.com/kshard/spock v0.2.0 h1:dOWke7WF33/S1UzQHhBwqnmGZu1rQkbCsIik6u9noxM=
github.com/kshard/spock v0.2.0/go.mod h1:RvwsmnRYVAFwwcmJHfjeTz+9AxC5zoV1O0RPxzOsBcw=
github.com/kshard/xsd v0.1.0 h1:UBGV1a7zchuou9WH8xfMUcEg89ekFNMHaaE8zXWnUWY=
github.com/kshard/xsd v0.1.0/go.mod h1:wUNtFazJt1pLwZ352Tj8/Y8MNrB6wOSoDYki/HxWpvs=
